
Microsoft Visual Studio Solution File, Format Version 12.00
# Visual Studio Version 16
VisualStudioVersion = 16.0.30907.101
MinimumVisualStudioVersion = 10.0.40219.1
Project("{FAE04EC0-301F-11D3-BF4B-00C04F79EFBC}") = "Practica_Github_ED_1_DAW_FRLC_2021", "Practica_Github_ED_1_DAW_FRLC_2021.csproj", "{AEC63244-BAD3-4899-A6B7-D770709D7F8D}"
EndProject
Global
	GlobalSection(SolutionConfigurationPlatforms) = preSolution
		Debug|Any CPU = Debug|Any CPU
		Release|Any CPU = Release|Any CPU
	EndGlobalSection
	GlobalSection(ProjectConfigurationPlatforms) = postSolution
		{AEC63244-BAD3-4899-A6B7-D770709D7F8D}.Debug|Any CPU.ActiveCfg = Debug|Any CPU
		{AEC63244-BAD3-4899-A6B7-D770709D7F8D}.Debug|Any CPU.Build.0 = Debug|Any CPU
		{AEC63244-BAD3-4899-A6B7-D770709D7F8D}.Release|Any CPU.ActiveCfg = Release|Any CPU
		{AEC63244-BAD3-4899-A6B7-D770709D7F8D}.Release|Any CPU.Build.0 = Release|Any CPU
	EndGlobalSection
	GlobalSection(SolutionProperties) = preSolution
		HideSolutionNode = FALSE
	EndGlobalSection
	GlobalSection(ExtensibilityGlobals) = postSolution
		SolutionGuid = {93CFA43E-8082-4985-9275-860E5B82DAC0}
	EndGlobalSection
EndGlobal
